
Microsoft Visual Studio Solution File, Format Version 12.00
# Visual Studio 15
VisualStudioVersion = 15.0.28010.2046
MinimumVisualStudioVersion = 10.0.40219.1
Project("{FAE04EC0-301F-11D3-BF4B-00C04F79EFBC}") = "Timer", "Timer\Timer.csproj", "{551024C5-5AAB-4C92-AE66-C4C31F5EE35A}"
EndProject
Global
	GlobalSection(SolutionConfigurationPlatforms) = preSolution
		Debug|Any CPU = Debug|Any CPU
		Release|Any CPU = Release|Any CPU
	EndGlobalSection
	GlobalSection(ProjectConfigurationPlatforms) = postSolution
		{551024C5-5AAB-4C92-AE66-C4C31F5EE35A}.Debug|Any CPU.ActiveCfg = Debug|Any CPU
		{551024C5-5AAB-4C92-AE66-C4C31F5EE35A}.Debug|Any CPU.Build.0 = Debug|Any CPU
		{551024C5-5AAB-4C92-AE66-C4C31F5EE35A}.Release|Any CPU.ActiveCfg = Release|Any CPU
		{551024C5-5AAB-4C92-AE66-C4C31F5EE35A}.Release|Any CPU.Build.0 = Release|Any CPU
	EndGlobalSection
	GlobalSection(SolutionProperties) = preSolution
		HideSolutionNode = FALSE
	EndGlobalSection
	GlobalSection(ExtensibilityGlobals) = postSolution
		SolutionGuid = {2D5A78AD-A229-4CDA-B24D-8925E2BC904C}
	EndGlobalSection
EndGlobal
